
Microsoft Visual Studio Solution File, Format Version 12.00
# Visual Studio Version 17
VisualStudioVersion = 17.14.36301.6 d17.14
MinimumVisualStudioVersion = 10.0.40219.1
Project("{FAE04EC0-301F-11D3-BF4B-00C04F79EFBC}") = "dicegame", "dicegame\dicegame.csproj", "{0C7F78A6-3AE5-44DF-9A3A-601E9C655F96}"
EndProject
Global
	GlobalSection(SolutionConfigurationPlatforms) = preSolution
		Debug|Any CPU = Debug|Any CPU
		Release|Any CPU = Release|Any CPU
	EndGlobalSection
	GlobalSection(ProjectConfigurationPlatforms) = postSolution
		{0C7F78A6-3AE5-44DF-9A3A-601E9C655F96}.Debug|Any CPU.ActiveCfg = Debug|Any CPU
		{0C7F78A6-3AE5-44DF-9A3A-601E9C655F96}.Debug|Any CPU.Build.0 = Debug|Any CPU
		{0C7F78A6-3AE5-44DF-9A3A-601E9C655F96}.Release|Any CPU.ActiveCfg = Release|Any CPU
		{0C7F78A6-3AE5-44DF-9A3A-601E9C655F96}.Release|Any CPU.Build.0 = Release|Any CPU
	EndGlobalSection
	GlobalSection(SolutionProperties) = preSolution
		HideSolutionNode = FALSE
	EndGlobalSection
	GlobalSection(ExtensibilityGlobals) = postSolution
		SolutionGuid = {ADF2654F-2FF7-41B5-8F7A-E7F16025BF24}
	EndGlobalSection
EndGlobal
